{
  "name": "tome",
  "version": "1.0.0",
  "lockfileVersion": 2,
  "requires": true,
  "packages": {
    "": {
      "name": "tome",
      "version": "1.0.0",
      "license": "MIT",
      "dependencies": {
        "boring": "^1.1.1"
      }
    },
    "node_modules/boring": {
      "version": "1.1.1",
      "resolved": "https://registry.npmjs.org/boring/-/boring-1.1.1.tgz",
      "integrity": "sha512-2JQukkqYeUPzUrwMOM8o6YcmNDtsir3h/ityMLJadvrXNP3uovZXptxYJGs6Lb7Eiwn5j6BZRyLSFn81uDOXPg=="
    }
  },
  "dependencies": {
    "boring": {
      "version": "1.1.1",
      "resolved": "https://registry.npmjs.org/boring/-/boring-1.1.1.tgz",
      "integrity": "sha512-2JQukkqYeUPzUrwMOM8o6YcmNDtsir3h/ityMLJadvrXNP3uovZXptxYJGs6Lb7Eiwn5j6BZRyLSFn81uDOXPg=="
    }
  }
}
